
Microsoft Visual Studio Solution File, Format Version 12.00
# Visual Studio Version 17
VisualStudioVersion = 17.8.34316.72
MinimumVisualStudioVersion = 10.0.40219.1
Project("{FAE04EC0-301F-11D3-BF4B-00C04F79EFBC}") = "Demineur", "Demineur\Demineur.csproj", "{97759516-28F8-4E62-9E24-88A2F1138917}"
EndProject
Global
	GlobalSection(SolutionConfigurationPlatforms) = preSolution
		Debug|Any CPU = Debug|Any CPU
		Release|Any CPU = Release|Any CPU
	EndGlobalSection
	GlobalSection(ProjectConfigurationPlatforms) = postSolution
		{97759516-28F8-4E62-9E24-88A2F1138917}.Debug|Any CPU.ActiveCfg = Debug|Any CPU
		{97759516-28F8-4E62-9E24-88A2F1138917}.Debug|Any CPU.Build.0 = Debug|Any CPU
		{97759516-28F8-4E62-9E24-88A2F1138917}.Release|Any CPU.ActiveCfg = Release|Any CPU
		{97759516-28F8-4E62-9E24-88A2F1138917}.Release|Any CPU.Build.0 = Release|Any CPU
	EndGlobalSection
	GlobalSection(SolutionProperties) = preSolution
		HideSolutionNode = FALSE
	EndGlobalSection
	GlobalSection(ExtensibilityGlobals) = postSolution
		SolutionGuid = {33A6DCF9-BD88-4BB3-B9C0-BACECD84E0AF}
	EndGlobalSection
EndGlobal
